
Microsoft Visual Studio Solution File, Format Version 12.00
# Visual Studio Version 17
VisualStudioVersion = 17.1.32328.378
MinimumVisualStudioVersion = 10.0.40219.1
Project("{9A19103F-16F7-4668-BE54-9A1E7A4F7556}") = "EmployeeManagementApp", "EmployeeManagementApp\EmployeeManagementApp.csproj", "{5B5F4213-526A-4B71-BDFC-276791E5B538}"
EndProject
Project("{9A19103F-16F7-4668-BE54-9A1E7A4F7556}") = "EmployeeManagementApp.Core", "EmployeeManagementApp.Core\EmployeeManagementApp.Core.csproj", "{2B73EC81-C2E7-482A-8FC5-8EF53E442E53}"
EndProject
Project("{9A19103F-16F7-4668-BE54-9A1E7A4F7556}") = "EmployeeManagementApp.Data", "EmployeeManagementApp.Data\EmployeeManagementApp.Data.csproj", "{B865160A-677C-42A2-AC77-EA0551C83208}"
EndProject
Project("{9A19103F-16F7-4668-BE54-9A1E7A4F7556}") = "EmployeeManagementApp.Test", "EmployeeManagerApp.Test\EmployeeManagementApp.Test.csproj", "{55678CFC-4A97-4A7C-9457-281F6D01DD8D}"
EndProject
Global
	GlobalSection(SolutionConfigurationPlatforms) = preSolution
		Debug|Any CPU = Debug|Any CPU
		Release|Any CPU = Release|Any CPU
	EndGlobalSection
	GlobalSection(ProjectConfigurationPlatforms) = postSolution
		{5B5F4213-526A-4B71-BDFC-276791E5B538}.Debug|Any CPU.ActiveCfg = Debug|Any CPU
		{5B5F4213-526A-4B71-BDFC-276791E5B538}.Debug|Any CPU.Build.0 = Debug|Any CPU
		{5B5F4213-526A-4B71-BDFC-276791E5B538}.Release|Any CPU.ActiveCfg = Release|Any CPU
		{5B5F4213-526A-4B71-BDFC-276791E5B538}.Release|Any CPU.Build.0 = Release|Any CPU
		{2B73EC81-C2E7-482A-8FC5-8EF53E442E53}.Debug|Any CPU.ActiveCfg = Debug|Any CPU
		{2B73EC81-C2E7-482A-8FC5-8EF53E442E53}.Debug|Any CPU.Build.0 = Debug|Any CPU
		{2B73EC81-C2E7-482A-8FC5-8EF53E442E53}.Release|Any CPU.ActiveCfg = Release|Any CPU
		{2B73EC81-C2E7-482A-8FC5-8EF53E442E53}.Release|Any CPU.Build.0 = Release|Any CPU
		{B865160A-677C-42A2-AC77-EA0551C83208}.Debug|Any CPU.ActiveCfg = Debug|Any CPU
		{B865160A-677C-42A2-AC77-EA0551C83208}.Debug|Any CPU.Build.0 = Debug|Any CPU
		{B865160A-677C-42A2-AC77-EA0551C83208}.Release|Any CPU.ActiveCfg = Release|Any CPU
		{B865160A-677C-42A2-AC77-EA0551C83208}.Release|Any CPU.Build.0 = Release|Any CPU
		{55678CFC-4A97-4A7C-9457-281F6D01DD8D}.Debug|Any CPU.ActiveCfg = Debug|Any CPU
		{55678CFC-4A97-4A7C-9457-281F6D01DD8D}.Debug|Any CPU.Build.0 = Debug|Any CPU
		{55678CFC-4A97-4A7C-9457-281F6D01DD8D}.Release|Any CPU.ActiveCfg = Release|Any CPU
		{55678CFC-4A97-4A7C-9457-281F6D01DD8D}.Release|Any CPU.Build.0 = Release|Any CPU
	EndGlobalSection
	GlobalSection(SolutionProperties) = preSolution
		HideSolutionNode = FALSE
	EndGlobalSection
	GlobalSection(ExtensibilityGlobals) = postSolution
		SolutionGuid = {01D0CA85-6A5B-43EE-9C0D-133C76C8DD9D}
	EndGlobalSection
EndGlobal
